{
  "name": "todayschamp",
  "version": "0.0.1",
  "lockfileVersion": 1,
  "requires": true,
  "dependencies": {
    "accepts": {
      "version": "https://registry.npmjs.org/accepts/-/accepts-1.1.4.tgz",
      "integrity": "sha1-1xyW99QdD+2iw4zRToonwEFY30o=",
      "requires": {
        "mime-types": "https://registry.npmjs.org/mime-types/-/mime-types-2.0.14.tgz",
        "negotiator": "https://registry.npmjs.org/negotiator/-/negotiator-0.4.9.tgz"
      }
    },
    "ansi-regex": {
      "version": "https://registry.npmjs.org/ansi-regex/-/ansi-regex-2.0.0.tgz",
      "integrity": "sha1-xQYbbg74qBd15Q9dZhUb9r83EQc="
    },
    "ansi-styles": {
      "version": "https://registry.npmjs.org/ansi-styles/-/ansi-styles-2.1.0.tgz",
      "integrity": "sha1-mQ90cUaSe1Wakyv5KVkWPWDA0OI="
    },
    "async": {
      "version": "https://registry.npmjs.org/async/-/async-0.9.2.tgz",
      "integrity": "sha1-rqdNXmHB+JlhO/ZL2mbUx48v0X0="
    },
    "base64-url": {
      "version": "https://registry.npmjs.org/base64-url/-/base64-url-1.2.1.tgz",
      "integrity": "sha1-GZ/WYXAqDnt9yubgaYuwicUvbXg="
    },
    "basic-auth": {
      "version": "https://registry.npmjs.org/basic-auth/-/basic-auth-1.0.0.tgz",
      "integrity": "sha1-ERstn/jk5tE2uMhOpeCWy4c1Fjc="
    },
    "basic-auth-connect": {
      "version": "https://registry.npmjs.org/basic-auth-connect/-/basic-auth-connect-1.0.0.tgz",
      "integrity": "sha1-/bC0OWLKe0BFanwrtI/hc9otISI="
    },
    "batch": {
      "version": "https://registry.npmjs.org/batch/-/batch-0.5.1.tgz",
      "integrity": "sha1-NqS6tZTAUP17UHvKDbMMLZKvT/I="
    },
    "body-parser": {
      "version": "https://registry.npmjs.org/body-parser/-/body-parser-1.9.3.tgz",
      "integrity": "sha1-7frNT8+th9/nT4YaXMcSkArvJiM=",
      "requires": {
        "bytes": "https://registry.npmjs.org/bytes/-/bytes-1.0.0.tgz",
        "depd": "https://registry.npmjs.org/depd/-/depd-1.0.1.tgz",
        "iconv-lite": "https://registry.npmjs.org/iconv-lite/-/iconv-lite-0.4.5.tgz",
        "media-typer": "https://registry.npmjs.org/media-typer/-/media-typer-0.3.0.tgz",
        "on-finished": "https://registry.npmjs.org/on-finished/-/on-finished-2.1.1.tgz",
        "qs": "https://registry.npmjs.org/qs/-/qs-2.3.3.tgz",
        "raw-body": "https://registry.npmjs.org/raw-body/-/raw-body-1.3.1.tgz",
        "type-is": "https://registry.npmjs.org/type-is/-/type-is-1.5.7.tgz"
      },
      "dependencies": {
        "qs": {
          "version": "https://registry.npmjs.org/qs/-/qs-2.3.3.tgz",
          "integrity": "sha1-6eha2+ddoLvkyOBHaghikPhjtAQ="
        }
      }
    },
    "bytes": {
      "version": "https://registry.npmjs.org/bytes/-/bytes-1.0.0.tgz",
      "integrity": "sha1-NWnt6Lo0MV+rmcPpLLBMciDeH6g="
    },
    "chalk": {
      "version": "https://registry.npmjs.org/chalk/-/chalk-1.1.1.tgz",
      "integrity": "sha1-UJr7ZwZudJn36zU1x3RFdyri0Bk=",
      "requires": {
        "ansi-styles": "https://registry.npmjs.org/ansi-styles/-/ansi-styles-2.1.0.tgz",
        "escape-string-regexp": "https://registry.npmjs.org/escape-string-regexp/-/escape-string-regexp-1.0.3.tgz",
        "has-ansi": "https://registry.npmjs.org/has-ansi/-/has-ansi-2.0.0.tgz",
        "strip-ansi": "https://registry.npmjs.org/strip-ansi/-/strip-ansi-3.0.0.tgz",
        "supports-color": "https://registry.npmjs.org/supports-color/-/supports-color-2.0.0.tgz"
      }
    },
    "cline": {
      "version": "https://registry.npmjs.org/cline/-/cline-0.8.2.tgz",
      "integrity": "sha1-6RHnQaCtLiTSnm+rLPifoyLVnHY="
    },
    "coffee-script": {
      "version": "https://registry.npmjs.org/coffee-script/-/coffee-script-1.6.3.tgz",
      "integrity": "sha1-Y1XTLPGwTN/2tITl5xF4Ky8MOb4="
    },
    "commander": {
      "version": "https://registry.npmjs.org/commander/-/commander-1.3.2.tgz",
      "integrity": "sha1-io8w7GcKb91kr1LxkUuQfXnq1bU=",
      "requires": {
        "keypress": "https://registry.npmjs.org/keypress/-/keypress-0.1.0.tgz"
      }
    },
    "compressible": {
      "version": "https://registry.npmjs.org/compressible/-/compressible-2.0.6.tgz",
      "integrity": "sha1-nkqpMh/8+cxNgZVPeq+p81dn1eo=",
      "requires": {
        "mime-db": "https://registry.npmjs.org/mime-db/-/mime-db-1.20.0.tgz"
      },
      "dependencies": {
        "mime-db": {
          "version": "https://registry.npmjs.org/mime-db/-/mime-db-1.20.0.tgz",
          "integrity": "sha1-SW+Q/QH+DgMciCPsOqlFD/2hjtg="
        }
      }
    },
    "compression": {
      "version": "https://registry.npmjs.org/compression/-/compression-1.2.2.tgz",
      "integrity": "sha1-Y3YEwl7WWcDVyfrBA4/C8tVJTb8=",
      "requires": {
        "accepts": "https://registry.npmjs.org/accepts/-/accepts-1.1.4.tgz",
        "bytes": "https://registry.npmjs.org/bytes/-/bytes-1.0.0.tgz",
        "compressible": "https://registry.npmjs.org/compressible/-/compressible-2.0.6.tgz",
        "debug": "https://registry.npmjs.org/debug/-/debug-2.1.3.tgz",
        "on-headers": "https://registry.npmjs.org/on-headers/-/on-headers-1.0.1.tgz",
        "vary": "https://registry.npmjs.org/vary/-/vary-1.0.1.tgz"
      }
    },
    "connect": {
      "version": "https://registry.npmjs.org/connect/-/connect-2.27.1.tgz",
      "integrity": "sha1-apIP2F5ORjzKP8x3RDsn0NUyQMY=",
      "requires": {
        "basic-auth-connect": "https://registry.npmjs.org/basic-auth-connect/-/basic-auth-connect-1.0.0.tgz",
        "body-parser": "https://registry.npmjs.org/body-parser/-/body-parser-1.9.3.tgz",
        "bytes": "https://registry.npmjs.org/bytes/-/bytes-1.0.0.tgz",
        "compression": "https://registry.npmjs.org/compression/-/compression-1.2.2.tgz",
        "connect-timeout": "https://registry.npmjs.org/connect-timeout/-/connect-timeout-1.4.0.tgz",
        "cookie": "https://registry.npmjs.org/cookie/-/cookie-0.1.2.tgz",
        "cookie-parser": "https://registry.npmjs.org/cookie-parser/-/cookie-parser-1.3.5.tgz",
        "cookie-signature": "https://registry.npmjs.org/cookie-signature/-/cookie-signature-1.0.5.tgz",
        "csurf": "https://registry.npmjs.org/csurf/-/csurf-1.6.6.tgz",
        "debug": "https://registry.npmjs.org/debug/-/debug-2.1.3.tgz",
        "depd": "https://registry.npmjs.org/depd/-/depd-1.0.1.tgz",
        "errorhandler": "https://registry.npmjs.org/errorhandler/-/errorhandler-1.2.4.tgz",
        "express-session": "https://registry.npmjs.org/express-session/-/express-session-1.9.3.tgz",
        "finalhandler": "https://registry.npmjs.org/finalhandler/-/finalhandler-0.3.2.tgz",
        "fresh": "https://registry.npmjs.org/fresh/-/fresh-0.2.4.tgz",
        "http-errors": "https://registry.npmjs.org/http-errors/-/http-errors-1.2.8.tgz",
        "media-typer": "https://registry.npmjs.org/media-typer/-/media-typer-0.3.0.tgz",
        "method-override": "https://registry.npmjs.org/method-override/-/method-override-2.3.5.tgz",
        "morgan": "https://registry.npmjs.org/morgan/-/morgan-1.4.1.tgz",
        "multiparty": "https://registry.npmjs.org/multiparty/-/multiparty-3.3.2.tgz",
        "on-headers": "https://registry.npmjs.org/on-headers/-/on-headers-1.0.1.tgz",
        "parseurl": "https://registry.npmjs.org/parseurl/-/parseurl-1.3.0.tgz",
        "pause": "https://registry.npmjs.org/pause/-/pause-0.0.1.tgz",
        "qs": "https://registry.npmjs.org/qs/-/qs-2.3.0.tgz",
        "response-time": "https://registry.npmjs.org/response-time/-/response-time-2.2.0.tgz",
        "serve-favicon": "https://registry.npmjs.org/serve-favicon/-/serve-favicon-2.1.7.tgz",
        "serve-index": "https://registry.npmjs.org/serve-index/-/serve-index-1.5.3.tgz",
        "serve-static": "https://registry.npmjs.org/serve-static/-/serve-static-1.7.2.tgz",
        "type-is": "https://registry.npmjs.org/type-is/-/type-is-1.5.7.tgz",
        "utils-merge": "https://registry.npmjs.org/utils-merge/-/utils-merge-1.0.0.tgz",
        "vhost": "https://registry.npmjs.org/vhost/-/vhost-3.0.2.tgz"
      },
      "dependencies": {
        "qs": {
          "version": "https://registry.npmjs.org/qs/-/qs-2.3.0.tgz",
          "integrity": "sha1-6gyBYXdcu082c602VxtdWj8+cvs="
        }
      }
    },
    "connect-multiparty": {
      "version": "https://registry.npmjs.org/connect-multiparty/-/connect-multiparty-1.2.5.tgz",
      "integrity": "sha1-L6vs/cGop3S6GUhNzmYMgYqFVec=",
      "requires": {
        "multiparty": "https://registry.npmjs.org/multiparty/-/multiparty-3.3.2.tgz",
        "on-finished": "https://registry.npmjs.org/on-finished/-/on-finished-2.1.1.tgz",
        "qs": "https://registry.npmjs.org/qs/-/qs-2.2.5.tgz",
        "type-is": "https://registry.npmjs.org/type-is/-/type-is-1.5.7.tgz"
      }
    },
    "connect-timeout": {
      "version": "https://registry.npmjs.org/connect-timeout/-/connect-timeout-1.4.0.tgz",
      "integrity": "sha1-uAA+oVWr0Yu92KGckeUoTdwuRl4=",
      "requires": {
        "debug": "https://registry.npmjs.org/debug/-/debug-2.1.3.tgz",
        "http-errors": "https://registry.npmjs.org/http-errors/-/http-errors-1.2.8.tgz",
        "ms": "https://registry.npmjs.org/ms/-/ms-0.6.2.tgz",
        "on-headers": "https://registry.npmjs.org/on-headers/-/on-headers-1.0.1.tgz"
      },
      "dependencies": {
        "ms": {
          "version": "https://registry.npmjs.org/ms/-/ms-0.6.2.tgz",
          "integrity": "sha1-2JwhJMb9wTU9Zai3e/GqxLGTcIw="
        }
      }
    },
    "content-disposition": {
      "version": "https://registry.npmjs.org/content-disposition/-/content-disposition-0.5.0.tgz",
      "integrity": "sha1-QoT+auBjCHRjnkToCkGMKTQTXp4="
    },
    "cookie": {
      "version": "https://registry.npmjs.org/cookie/-/cookie-0.1.2.tgz",
      "integrity": "sha1-cv7D0k5Io0Mgc9kMEmQgBQYQBLE="
    },
    "cookie-parser": {
      "version": "https://registry.npmjs.org/cookie-parser/-/cookie-parser-1.3.5.tgz",
      "integrity": "sha1-nXVVcPtdF4kHcSJ6AjFNm+fPg1Y=",
      "requires": {
        "cookie": "https://registry.npmjs.org/cookie/-/cookie-0.1.3.tgz",
        "cookie-signature": "https://registry.npmjs.org/cookie-signature/-/cookie-signature-1.0.6.tgz"
      },
      "dependencies": {
        "cookie": {
          "version": "https://registry.npmjs.org/cookie/-/cookie-0.1.3.tgz",
          "integrity": "sha1-5zSlwUF/zkctWu+Cw4HKu2TRpDU="
        },
        "cookie-signature": {
          "version": "https://registry.npmjs.org/cookie-signature/-/cookie-signature-1.0.6.tgz",
          "integrity": "sha1-4wOogrNCzD7oylE6eZmXNNqzriw="
        }
      }
    },
    "cookie-signature": {
      "version": "https://registry.npmjs.org/cookie-signature/-/cookie-signature-1.0.5.tgz",
      "integrity": "sha1-oSLj8VA+yg9TVXlbBxG7I2jUUPk="
    },
    "core-util-is": {
      "version": "https://registry.npmjs.org/core-util-is/-/core-util-is-1.0.2.tgz",
      "integrity": "sha1-tf1UIgqivFq1eqtxQMlAdUUDwac="
    },
    "crc": {
      "version": "https://registry.npmjs.org/crc/-/crc-3.2.1.tgz",
      "integrity": "sha1-XZyPt3okXNXsopHl0tAFM0urAII="
    },
    "csrf": {
      "version": "https://registry.npmjs.org/csrf/-/csrf-2.0.7.tgz",
      "integrity": "sha1-0E9S4Paiin4s/h4B3V68JRs9QgE=",
      "requires": {
        "base64-url": "https://registry.npmjs.org/base64-url/-/base64-url-1.2.1.tgz",
        "rndm": "https://registry.npmjs.org/rndm/-/rndm-1.1.1.tgz",
        "scmp": "https://registry.npmjs.org/scmp/-/scmp-1.0.0.tgz",
        "uid-safe": "https://registry.npmjs.org/uid-safe/-/uid-safe-1.1.0.tgz"
      }
    },
    "csurf": {
      "version": "https://registry.npmjs.org/csurf/-/csurf-1.6.6.tgz",
      "integrity": "sha1-/EsaopP2Xah3McBJNQ0BslvaPs4=",
      "requires": {
        "cookie": "https://registry.npmjs.org/cookie/-/cookie-0.1.2.tgz",
        "cookie-signature": "https://registry.npmjs.org/cookie-signature/-/cookie-signature-1.0.5.tgz",
        "csrf": "https://registry.npmjs.org/csrf/-/csrf-2.0.7.tgz",
        "http-errors": "https://registry.npmjs.org/http-errors/-/http-errors-1.2.8.tgz"
      }
    },
    "debug": {
      "version": "https://registry.npmjs.org/debug/-/debug-2.1.3.tgz",
      "integrity": "sha1-zoqxte6PvuK/o7Yzyrk9NmtjQY4=",
      "requires": {
        "ms": "https://registry.npmjs.org/ms/-/ms-0.7.0.tgz"
      }
    },
    "depd": {
      "version": "https://registry.npmjs.org/depd/-/depd-1.0.1.tgz",
      "integrity": "sha1-gK7GTJ1tl+ZcwqnKqTwKpqv3Oqo="
    },
    "destroy": {
      "version": "https://registry.npmjs.org/destroy/-/destroy-1.0.3.tgz",
      "integrity": "sha1-tDO0ck5x/YVR2YhRdIUcX8N34sk="
    },
    "ee-first": {
      "version": "https://registry.npmjs.org/ee-first/-/ee-first-1.1.0.tgz",
      "integrity": "sha1-ag18YiHkkP7v2S7D9EHJzozQl/Q="
    },
    "errorhandler": {
      "version": "https://registry.npmjs.org/errorhandler/-/errorhandler-1.2.4.tgz",
      "integrity": "sha1-RyZjDWxsLBGnzVibc3b3M2Rz1qo=",
      "requires": {
        "accepts": "https://registry.npmjs.org/accepts/-/accepts-1.1.4.tgz",
        "escape-html": "https://registry.npmjs.org/escape-html/-/escape-html-1.0.1.tgz"
      }
    },
    "escape-html": {
      "version": "https://registry.npmjs.org/escape-html/-/escape-html-1.0.1.tgz",
      "integrity": "sha1-GBoobq05ejmpKFfPsdQwUuNWv/A="
    },
    "escape-string-regexp": {
      "version": "https://registry.npmjs.org/escape-string-regexp/-/escape-string-regexp-1.0.3.tgz",
      "integrity": "sha1-ni2LJbwlVcMzZyN1DgPwmcJzW7U="
    },
    "etag": {
      "version": "https://registry.npmjs.org/etag/-/etag-1.5.1.tgz",
      "integrity": "sha1-VMUN4E7kJpVWKSWsVmWIKRvn6eo=",
      "requires": {
        "crc": "https://registry.npmjs.org/crc/-/crc-3.2.1.tgz"
      }
    },
    "express": {
      "version": "https://registry.npmjs.org/express/-/express-3.18.1.tgz",
      "integrity": "sha1-C71iaau9tTSCFmsLWpoE4xG+mXc=",
      "requires": {
        "basic-auth": "https://registry.npmjs.org/basic-auth/-/basic-auth-1.0.0.tgz",
        "commander": "https://registry.npmjs.org/commander/-/commander-1.3.2.tgz",
        "connect": "https://registry.npmjs.org/connect/-/connect-2.27.1.tgz",
        "content-disposition": "https://registry.npmjs.org/content-disposition/-/content-disposition-0.5.0.tgz",
        "cookie": "https://registry.npmjs.org/cookie/-/cookie-0.1.2.tgz",
        "cookie-signature": "https://registry.npmjs.org/cookie-signature/-/cookie-signature-1.0.5.tgz",
        "debug": "https://registry.npmjs.org/debug/-/debug-2.1.3.tgz",
        "depd": "https://registry.npmjs.org/depd/-/depd-1.0.1.tgz",
        "escape-html": "https://registry.npmjs.org/escape-html/-/escape-html-1.0.1.tgz",
        "etag": "https://registry.npmjs.org/etag/-/etag-1.5.1.tgz",
        "fresh": "https://registry.npmjs.org/fresh/-/fresh-0.2.4.tgz",
        "media-typer": "https://registry.npmjs.org/media-typer/-/media-typer-0.3.0.tgz",
        "merge-descriptors": "https://registry.npmjs.org/merge-descriptors/-/merge-descriptors-0.0.2.tgz",
        "methods": "https://registry.npmjs.org/methods/-/methods-1.1.0.tgz",
        "mkdirp": "https://registry.npmjs.org/mkdirp/-/mkdirp-0.5.0.tgz",
        "parseurl": "https://registry.npmjs.org/parseurl/-/parseurl-1.3.0.tgz",
        "proxy-addr": "https://registry.npmjs.org/proxy-addr/-/proxy-addr-1.0.10.tgz",
        "range-parser": "https://registry.npmjs.org/range-parser/-/range-parser-1.0.3.tgz",
        "send": "https://registry.npmjs.org/send/-/send-0.10.1.tgz",
        "utils-merge": "https://registry.npmjs.org/utils-merge/-/utils-merge-1.0.0.tgz",
        "vary": "https://registry.npmjs.org/vary/-/vary-1.0.1.tgz"
      }
    },
    "express-session": {
      "version": "https://registry.npmjs.org/express-session/-/express-session-1.9.3.tgz",
      "integrity": "sha1-fS/Dh69v2Sh3UhO/6dY1pXBahM4=",
      "requires": {
        "cookie": "https://registry.npmjs.org/cookie/-/cookie-0.1.2.tgz",
        "cookie-signature": "https://registry.npmjs.org/cookie-signature/-/cookie-signature-1.0.5.tgz",
        "crc": "https://registry.npmjs.org/crc/-/crc-3.2.1.tgz",
        "debug": "https://registry.npmjs.org/debug/-/debug-2.1.3.tgz",
        "depd": "https://registry.npmjs.org/depd/-/depd-1.0.1.tgz",
        "on-headers": "https://registry.npmjs.org/on-headers/-/on-headers-1.0.1.tgz",
        "parseurl": "https://registry.npmjs.org/parseurl/-/parseurl-1.3.0.tgz",
        "uid-safe": "https://registry.npmjs.org/uid-safe/-/uid-safe-1.0.1.tgz",
        "utils-merge": "https://registry.npmjs.org/utils-merge/-/utils-merge-1.0.0.tgz"
      },
      "dependencies": {
        "uid-safe": {
          "version": "https://registry.npmjs.org/uid-safe/-/uid-safe-1.0.1.tgz",
          "integrity": "sha1-W9FIRgouhPVPGT/SA1LIw9feasg=",
          "requires": {
            "base64-url": "https://registry.npmjs.org/base64-url/-/base64-url-1.2.1.tgz",
            "mz": "https://registry.npmjs.org/mz/-/mz-1.3.0.tgz"
          }
        }
      }
    },
    "finalhandler": {
      "version": "https://registry.npmjs.org/finalhandler/-/finalhandler-0.3.2.tgz",
      "integrity": "sha1-ezibD9Nkem+QvVZOImJL+KSnf7U=",
      "requires": {
        "debug": "https://registry.npmjs.org/debug/-/debug-2.1.3.tgz",
        "escape-html": "https://registry.npmjs.org/escape-html/-/escape-html-1.0.1.tgz",
        "on-finished": "https://registry.npmjs.org/on-finished/-/on-finished-2.1.1.tgz"
      }
    },
    "forwarded": {
      "version": "https://registry.npmjs.org/forwarded/-/forwarded-0.1.0.tgz",
      "integrity": "sha1-Ge+YdMSuHCl7zweP3mOgm2aoQ2M="
    },
    "fresh": {
      "version": "https://registry.npmjs.org/fresh/-/fresh-0.2.4.tgz",
      "integrity": "sha1-NYJJkgbJcjcUGQ7ddLRgT+tKYUw="
    },
    "has-ansi": {
      "version": "https://registry.npmjs.org/has-ansi/-/has-ansi-2.0.0.tgz",
      "integrity": "sha1-NPUEnOHs3ysGSa8+8k5F7TVBbZE=",
      "requires": {
        "ansi-regex": "https://registry.npmjs.org/ansi-regex/-/ansi-regex-2.0.0.tgz"
      }
    },
    "http-errors": {
      "version": "https://registry.npmjs.org/http-errors/-/http-errors-1.2.8.tgz",
      "integrity": "sha1-juX+C1GYIiHXlsDEcS129yCXpNA=",
      "requires": {
        "inherits": "https://registry.npmjs.org/inherits/-/inherits-2.0.1.tgz",
        "statuses": "https://registry.npmjs.org/statuses/-/statuses-1.2.1.tgz"
      }
    },
    "hubot": {
      "version": "https://registry.npmjs.org/hubot/-/hubot-2.17.0.tgz",
      "integrity": "sha1-ZsccYBG5ssYJfDg8R184Aef509Y=",
      "requires": {
        "async": "https://registry.npmjs.org/async/-/async-0.9.2.tgz",
        "chalk": "https://registry.npmjs.org/chalk/-/chalk-1.1.1.tgz",
        "cline": "https://registry.npmjs.org/cline/-/cline-0.8.2.tgz",
        "coffee-script": "https://registry.npmjs.org/coffee-script/-/coffee-script-1.6.3.tgz",
        "connect-multiparty": "https://registry.npmjs.org/connect-multiparty/-/connect-multiparty-1.2.5.tgz",
        "express": "https://registry.npmjs.org/express/-/express-3.18.1.tgz",
        "log": "https://registry.npmjs.org/log/-/log-1.4.0.tgz",
        "optparse": "https://registry.npmjs.org/optparse/-/optparse-1.0.4.tgz",
        "scoped-http-client": "https://registry.npmjs.org/scoped-http-client/-/scoped-http-client-0.11.0.tgz"
      }
    },
    "hubot-diagnostics": {
      "version": "https://registry.npmjs.org/hubot-diagnostics/-/hubot-diagnostics-0.0.1.tgz",
      "integrity": "sha1-aa6gGuTb3PBRISDE4z6WWt5VJiw="
    },
    "hubot-google-images": {
      "version": "https://registry.npmjs.org/hubot-google-images/-/hubot-google-images-0.2.6.tgz",
      "integrity": "sha1-3Z9wMrgkLilcQy3b6R5Dijx8q1Q="
    },
    "hubot-google-translate": {
      "version": "https://registry.npmjs.org/hubot-google-translate/-/hubot-google-translate-0.2.0.tgz",
      "integrity": "sha1-GxHn1eFU9Fe76tk9071z+VkoTn4="
    },
    "hubot-help": {
      "version": "https://registry.npmjs.org/hubot-help/-/hubot-help-0.1.2.tgz",
      "integrity": "sha1-P24z862PUFbQl/56YyQdGBkQtfI="
    },
    "hubot-heroku-keepalive": {
      "version": "https://registry.npmjs.org/hubot-heroku-keepalive/-/hubot-heroku-keepalive-1.0.1.tgz",
      "integrity": "sha1-uaeLjTZlrxwS8HjkJUsj38/iUbE="
    },
    "hubot-maps": {
      "version": "https://registry.npmjs.org/hubot-maps/-/hubot-maps-0.0.2.tgz",
      "integrity": "sha1-4nGbAQYeX9ozYxx5+ttrhX0fnjY="
    },
    "hubot-pugme": {
      "version": "https://registry.npmjs.org/hubot-pugme/-/hubot-pugme-0.1.0.tgz",
      "integrity": "sha1-1s+tNzd78YSNtkN/+U/hpOpssdw="
    },
    "hubot-redis-brain": {
      "version": "https://registry.npmjs.org/hubot-redis-brain/-/hubot-redis-brain-0.0.3.tgz",
      "integrity": "sha1-4vGuf4itZEm0UvXmbFg5KVsF9kQ=",
      "requires": {
        "redis": "https://registry.npmjs.org/redis/-/redis-0.8.4.tgz"
      }
    },
    "hubot-rules": {
      "version": "https://registry.npmjs.org/hubot-rules/-/hubot-rules-0.1.1.tgz",
      "integrity": "sha1-3W8XjxFrAakGCyTFMyTTKv8b/6Q="
    },
    "hubot-scripts": {
      "version": "https://registry.npmjs.org/hubot-scripts/-/hubot-scripts-2.16.2.tgz",
      "integrity": "sha1-R6kZ5jMuSJSXlnrvV9lkr4ABWfM=",
      "requires": {
        "redis": "https://registry.npmjs.org/redis/-/redis-0.8.4.tgz"
      }
    },
    "hubot-shipit": {
      "version": "https://registry.npmjs.org/hubot-shipit/-/hubot-shipit-0.2.0.tgz",
      "integrity": "sha1-GVfHdXzMzmSnxR9+7UtL1U5KUq4="
    },
    "hubot-slack": {
      "version": "https://registry.npmjs.org/hubot-slack/-/hubot-slack-3.4.2.tgz",
      "integrity": "sha1-IrM/3QXKoDtth+c776NgkeGRvOk=",
      "requires": {
        "slack-client": "https://registry.npmjs.org/slack-client/-/slack-client-1.4.1.tgz"
      }
    },
    "iconv-lite": {
      "version": "https://registry.npmjs.org/iconv-lite/-/iconv-lite-0.4.5.tgz",
      "integrity": "sha1-nFdLcMMNYVhZ8gZNK+QzWtaxqNY="
    },
    "inherits": {
      "version": "https://registry.npmjs.org/inherits/-/inherits-2.0.1.tgz",
      "integrity": "sha1-sX0I0ya0Qj5Wjv9xn5GwscvfafE="
    },
    "ipaddr.js": {
      "version": "https://registry.npmjs.org/ipaddr.js/-/ipaddr.js-1.0.5.tgz",
      "integrity": "sha1-X6eM8wG4JceKvDBC2BJyMEnqI8c="
    },
    "isarray": {
      "version": "https://registry.npmjs.org/isarray/-/isarray-0.0.1.tgz",
      "integrity": "sha1-ihis/Kmo9Bd+Cav8YDiTmwXR7t8="
    },
    "keypress": {
      "version": "https://registry.npmjs.org/keypress/-/keypress-0.1.0.tgz",
      "integrity": "sha1-SjGI1CkbZrT2XtuZ+AaqmuKTWSo="
    },
    "log": {
      "version": "https://registry.npmjs.org/log/-/log-1.4.0.tgz",
      "integrity": "sha1-S6HYkP3iSbAx3KA7w36q8yVlbxw="
    },
    "media-typer": {
      "version": "https://registry.npmjs.org/media-typer/-/media-typer-0.3.0.tgz",
      "integrity": "sha1-hxDXrwqmJvj/+hzgAWhUUmMlV0g="
    },
    "merge-descriptors": {
      "version": "https://registry.npmjs.org/merge-descriptors/-/merge-descriptors-0.0.2.tgz",
      "integrity": "sha1-w2pSp4FDdRPFcnXzndnTF1FKyMc="
    },
    "method-override": {
      "version": "https://registry.npmjs.org/method-override/-/method-override-2.3.5.tgz",
      "integrity": "sha1-LNXNv/AMNnPXrjRRGagSpdlbjI4=",
      "requires": {
        "debug": "https://registry.npmjs.org/debug/-/debug-2.2.0.tgz",
        "methods": "https://registry.npmjs.org/methods/-/methods-1.1.1.tgz",
        "parseurl": "https://registry.npmjs.org/parseurl/-/parseurl-1.3.0.tgz",
        "vary": "https://registry.npmjs.org/vary/-/vary-1.0.1.tgz"
      },
      "dependencies": {
        "debug": {
          "version": "https://registry.npmjs.org/debug/-/debug-2.2.0.tgz",
          "integrity": "sha1-+HBX6ZWxofauaklgZkE3vFbwOdo=",
          "requires": {
            "ms": "https://registry.npmjs.org/ms/-/ms-0.7.1.tgz"
          }
        },
        "methods": {
          "version": "https://registry.npmjs.org/methods/-/methods-1.1.1.tgz",
          "integrity": "sha1-F+pjZgZtAMWON1uOx9/QRTyJgio="
        },
        "ms": {
          "version": "https://registry.npmjs.org/ms/-/ms-0.7.1.tgz",
          "integrity": "sha1-nNE8A62/8ltl7/3nzoZO6VIBcJg="
        }
      }
    },
    "methods": {
      "version": "https://registry.npmjs.org/methods/-/methods-1.1.0.tgz",
      "integrity": "sha1-XcpO4S31L/OwVhRZhqjwHLyGQ28="
    },
    "mime": {
      "version": "https://registry.npmjs.org/mime/-/mime-1.2.11.tgz",
      "integrity": "sha1-WCA+7Ybjpe8XrtK32evUfwpg3RA="
    },
    "mime-db": {
      "version": "https://registry.npmjs.org/mime-db/-/mime-db-1.12.0.tgz",
      "integrity": "sha1-PQxjGA9FjrENMlqqN9fFiuMS6dc="
    },
    "mime-types": {
      "version": "https://registry.npmjs.org/mime-types/-/mime-types-2.0.14.tgz",
      "integrity": "sha1-MQ4VnbI+B3+Lsit0jav6SVcUCqY=",
      "requires": {
        "mime-db": "https://registry.npmjs.org/mime-db/-/mime-db-1.12.0.tgz"
      }
    },
    "minimist": {
      "version": "https://registry.npmjs.org/minimist/-/minimist-0.0.8.tgz",
      "integrity": "sha1-hX/Kv8M5fSYluCKCYuhqp6ARsF0="
    },
    "mkdirp": {
      "version": "https://registry.npmjs.org/mkdirp/-/mkdirp-0.5.0.tgz",
      "integrity": "sha1-HXMHam35hs2TROFecfzAWkyavxI=",
      "requires": {
        "minimist": "https://registry.npmjs.org/minimist/-/minimist-0.0.8.tgz"
      }
    },
    "morgan": {
      "version": "https://registry.npmjs.org/morgan/-/morgan-1.4.1.tgz",
      "integrity": "sha1-zZYAw/p04v3yK6Dx0CbCDLlvJf4=",
      "requires": {
        "basic-auth": "https://registry.npmjs.org/basic-auth/-/basic-auth-1.0.0.tgz",
        "debug": "https://registry.npmjs.org/debug/-/debug-2.1.3.tgz",
        "depd": "https://registry.npmjs.org/depd/-/depd-1.0.1.tgz",
        "on-finished": "https://registry.npmjs.org/on-finished/-/on-finished-2.1.1.tgz"
      }
    },
    "ms": {
      "version": "https://registry.npmjs.org/ms/-/ms-0.7.0.tgz",
      "integrity": "sha1-hlvpTC5zl62KV9pqYzpuLzB5i4M="
    },
    "multiparty": {
      "version": "https://registry.npmjs.org/multiparty/-/multiparty-3.3.2.tgz",
      "integrity": "sha1-Nd5oBNwZZD5SSfPT473GyM4wHT8=",
      "requires": {
        "readable-stream": "https://registry.npmjs.org/readable-stream/-/readable-stream-1.1.13.tgz",
        "stream-counter": "https://registry.npmjs.org/stream-counter/-/stream-counter-0.2.0.tgz"
      }
    },
    "mz": {
      "version": "https://registry.npmjs.org/mz/-/mz-1.3.0.tgz",
      "integrity": "sha1-BvCT/dmVagbTfhsegTROJ0eMQvA=",
      "requires": {
        "native-or-bluebird": "https://registry.npmjs.org/native-or-bluebird/-/native-or-bluebird-1.1.2.tgz",
        "thenify": "https://registry.npmjs.org/thenify/-/thenify-3.1.1.tgz",
        "thenify-all": "https://registry.npmjs.org/thenify-all/-/thenify-all-1.6.0.tgz"
      }
    },
    "nan": {
      "version": "https://registry.npmjs.org/nan/-/nan-0.3.2.tgz",
      "integrity": "sha1-DfGTXKsVNpB17xYK0olBB6oU3C0="
    },
    "native-or-bluebird": {
      "version": "https://registry.npmjs.org/native-or-bluebird/-/native-or-bluebird-1.1.2.tgz",
      "integrity": "sha1-OSHhECMtHreQ89rGG7NwUxx9NW4="
    },
    "negotiator": {
      "version": "https://registry.npmjs.org/negotiator/-/negotiator-0.4.9.tgz",
      "integrity": "sha1-kuRrbbU8fkIe1koryU8IvnYw3z8="
    },
    "on-finished": {
      "version": "https://registry.npmjs.org/on-finished/-/on-finished-2.1.1.tgz",
      "integrity": "sha1-+CyhyeOk8yhrG5k4YQ5bhja9PLI=",
      "requires": {
        "ee-first": "https://registry.npmjs.org/ee-first/-/ee-first-1.1.0.tgz"
      }
    },
    "on-headers": {
      "version": "https://registry.npmjs.org/on-headers/-/on-headers-1.0.1.tgz",
      "integrity": "sha1-ko9dD0cNSTQmUepnlLCFfBAGk/c="
    },
    "options": {
      "version": "https://registry.npmjs.org/options/-/options-0.0.6.tgz",
      "integrity": "sha1-7CLTEoBrtT5zF3Pnza788cZDEo8="
    },
    "optparse": {
      "version": "https://registry.npmjs.org/optparse/-/optparse-1.0.4.tgz",
      "integrity": "sha1-wGJXnS0F0kPCIaMEpx4Ml5YjzPE="
    },
    "parseurl": {
      "version": "https://registry.npmjs.org/parseurl/-/parseurl-1.3.0.tgz",
      "integrity": "sha1-tYBG20Ij4UWvp2AJ5hush8wigbM="
    },
    "pause": {
      "version": "https://registry.npmjs.org/pause/-/pause-0.0.1.tgz",
      "integrity": "sha1-HUCLP9t2kjuVQ9lvtMnf1TXZy10="
    },
    "proxy-addr": {
      "version": "https://registry.npmjs.org/proxy-addr/-/proxy-addr-1.0.10.tgz",
      "integrity": "sha1-DUCoL4Afw1VWfS7LZe/j8HfxIcU=",
      "requires": {
        "forwarded": "https://registry.npmjs.org/forwarded/-/forwarded-0.1.0.tgz",
        "ipaddr.js": "https://registry.npmjs.org/ipaddr.js/-/ipaddr.js-1.0.5.tgz"
      }
    },
    "qs": {
      "version": "https://registry.npmjs.org/qs/-/qs-2.2.5.tgz",
      "integrity": "sha1-EIirr53MCuWuRbcJ5sa1iIsjkjw="
    },
    "range-parser": {
      "version": "https://registry.npmjs.org/range-parser/-/range-parser-1.0.3.tgz",
      "integrity": "sha1-aHKCNTXGkuLCoBA4Jq/YLC4P8XU="
    },
    "raw-body": {
      "version": "https://registry.npmjs.org/raw-body/-/raw-body-1.3.1.tgz",
      "integrity": "sha1-JqFJEFkIb9EhlCIy0WdYzSgX+BU=",
      "requires": {
        "bytes": "https://registry.npmjs.org/bytes/-/bytes-1.0.0.tgz",
        "iconv-lite": "https://registry.npmjs.org/iconv-lite/-/iconv-lite-0.4.5.tgz"
      }
    },
    "readable-stream": {
      "version": "https://registry.npmjs.org/readable-stream/-/readable-stream-1.1.13.tgz",
      "integrity": "sha1-9u73ZPUUyJ4rniMUanW6EGdW0j4=",
      "requires": {
        "core-util-is": "https://registry.npmjs.org/core-util-is/-/core-util-is-1.0.2.tgz",
        "inherits": "https://registry.npmjs.org/inherits/-/inherits-2.0.1.tgz",
        "isarray": "https://registry.npmjs.org/isarray/-/isarray-0.0.1.tgz",
        "string_decoder": "https://registry.npmjs.org/string_decoder/-/string_decoder-0.10.31.tgz"
      }
    },
    "redis": {
      "version": "https://registry.npmjs.org/redis/-/redis-0.8.4.tgz",
      "integrity": "sha1-FGCfJkFOIRwx480H3HmwS/n/GYA="
    },
    "response-time": {
      "version": "https://registry.npmjs.org/response-time/-/response-time-2.2.0.tgz",
      "integrity": "sha1-d6tGiMvwMOnF+C3B6sf+UibTyOs=",
      "requires": {
        "depd": "https://registry.npmjs.org/depd/-/depd-1.0.1.tgz",
        "on-headers": "https://registry.npmjs.org/on-headers/-/on-headers-1.0.1.tgz"
      }
    },
    "rndm": {
      "version": "https://registry.npmjs.org/rndm/-/rndm-1.1.1.tgz",
      "integrity": "sha1-7870N0Ah94tj3mImtZhRICadZPE="
    },
    "scmp": {
      "version": "https://registry.npmjs.org/scmp/-/scmp-1.0.0.tgz",
      "integrity": "sha1-oLJyw/xykvdxFWRvAGGLAmJRTgQ="
    },
    "scoped-http-client": {
      "version": "https://registry.npmjs.org/scoped-http-client/-/scoped-http-client-0.11.0.tgz",
      "integrity": "sha1-iH+oKoNg8V1jmlLlBOVjwVfSbXQ="
    },
    "send": {
      "version": "https://registry.npmjs.org/send/-/send-0.10.1.tgz",
      "integrity": "sha1-d0XFDscvEVEVmA6PsXmuwBkA4Io=",
      "requires": {
        "debug": "https://registry.npmjs.org/debug/-/debug-2.1.3.tgz",
        "depd": "https://registry.npmjs.org/depd/-/depd-1.0.1.tgz",
        "destroy": "https://registry.npmjs.org/destroy/-/destroy-1.0.3.tgz",
        "escape-html": "https://registry.npmjs.org/escape-html/-/escape-html-1.0.1.tgz",
        "etag": "https://registry.npmjs.org/etag/-/etag-1.5.1.tgz",
        "fresh": "https://registry.npmjs.org/fresh/-/fresh-0.2.4.tgz",
        "mime": "https://registry.npmjs.org/mime/-/mime-1.2.11.tgz",
        "ms": "https://registry.npmjs.org/ms/-/ms-0.6.2.tgz",
        "on-finished": "https://registry.npmjs.org/on-finished/-/on-finished-2.1.1.tgz",
        "range-parser": "https://registry.npmjs.org/range-parser/-/range-parser-1.0.3.tgz"
      },
      "dependencies": {
        "ms": {
          "version": "https://registry.npmjs.org/ms/-/ms-0.6.2.tgz",
          "integrity": "sha1-2JwhJMb9wTU9Zai3e/GqxLGTcIw="
        }
      }
    },
    "serve-favicon": {
      "version": "https://registry.npmjs.org/serve-favicon/-/serve-favicon-2.1.7.tgz",
      "integrity": "sha1-e5EcDqTA+aKtaG2qUiJ2b3vH23k=",
      "requires": {
        "etag": "https://registry.npmjs.org/etag/-/etag-1.5.1.tgz",
        "fresh": "https://registry.npmjs.org/fresh/-/fresh-0.2.4.tgz",
        "ms": "https://registry.npmjs.org/ms/-/ms-0.6.2.tgz"
      },
      "dependencies": {
        "ms": {
          "version": "https://registry.npmjs.org/ms/-/ms-0.6.2.tgz",
          "integrity": "sha1-2JwhJMb9wTU9Zai3e/GqxLGTcIw="
        }
      }
    },
    "serve-index": {
      "version": "https://registry.npmjs.org/serve-index/-/serve-index-1.5.3.tgz",
      "integrity": "sha1-QSy8gr9uK5e6MkcWbNH0JUBOdec=",
      "requires": {
        "accepts": "https://registry.npmjs.org/accepts/-/accepts-1.1.4.tgz",
        "batch": "https://registry.npmjs.org/batch/-/batch-0.5.1.tgz",
        "debug": "https://registry.npmjs.org/debug/-/debug-2.1.3.tgz",
        "http-errors": "https://registry.npmjs.org/http-errors/-/http-errors-1.2.8.tgz",
        "mime-types": "https://registry.npmjs.org/mime-types/-/mime-types-2.0.14.tgz",
        "parseurl": "https://registry.npmjs.org/parseurl/-/parseurl-1.3.0.tgz"
      }
    },
    "serve-static": {
      "version": "https://registry.npmjs.org/serve-static/-/serve-static-1.7.2.tgz",
      "integrity": "sha1-MWTOBtTmw0Wb3MnWAY+0+zXoSzk=",
      "requires": {
        "escape-html": "https://registry.npmjs.org/escape-html/-/escape-html-1.0.1.tgz",
        "parseurl": "https://registry.npmjs.org/parseurl/-/parseurl-1.3.0.tgz",
        "send": "https://registry.npmjs.org/send/-/send-0.10.1.tgz",
        "utils-merge": "https://registry.npmjs.org/utils-merge/-/utils-merge-1.0.0.tgz"
      }
    },
    "slack-client": {
      "version": "https://registry.npmjs.org/slack-client/-/slack-client-1.4.1.tgz",
      "integrity": "sha1-tt5BfiTlzycBCO7RcwzC3ci8ZK8=",
      "requires": {
        "coffee-script": "https://registry.npmjs.org/coffee-script/-/coffee-script-1.9.3.tgz",
        "log": "https://registry.npmjs.org/log/-/log-1.4.0.tgz",
        "ws": "https://registry.npmjs.org/ws/-/ws-0.4.31.tgz"
      },
      "dependencies": {
        "coffee-script": {
          "version": "https://registry.npmjs.org/coffee-script/-/coffee-script-1.9.3.tgz",
          "integrity": "sha1-WW5ug/z8tnxZZKtw1ES+/wrASsc="
        }
      }
    },
    "statuses": {
      "version": "https://registry.npmjs.org/statuses/-/statuses-1.2.1.tgz",
      "integrity": "sha1-3e1FzBglbVHtQK7BQkidXGECbSg="
    },
    "stream-counter": {
      "version": "https://registry.npmjs.org/stream-counter/-/stream-counter-0.2.0.tgz",
      "integrity": "sha1-3tJmVWMZyLDiIoErnPOyb6fZR94=",
      "requires": {
        "readable-stream": "https://registry.npmjs.org/readable-stream/-/readable-stream-1.1.13.tgz"
      }
    },
    "string_decoder": {
      "version": "https://registry.npmjs.org/string_decoder/-/string_decoder-0.10.31.tgz",
      "integrity": "sha1-YuIDvEF2bGwoyfyEMB2rHFMQ+pQ="
    },
    "strip-ansi": {
      "version": "https://registry.npmjs.org/strip-ansi/-/strip-ansi-3.0.0.tgz",
      "integrity": "sha1-dRC2ZVZ8qRTMtdfgcnY6yWi+NyQ=",
      "requires": {
        "ansi-regex": "https://registry.npmjs.org/ansi-regex/-/ansi-regex-2.0.0.tgz"
      }
    },
    "supports-color": {
      "version": "https://registry.npmjs.org/supports-color/-/supports-color-2.0.0.tgz",
      "integrity": "sha1-U10EXOa2Nj+kARcIRimZXp3zJMc="
    },
    "thenify": {
      "version": "https://registry.npmjs.org/thenify/-/thenify-3.1.1.tgz",
      "integrity": "sha1-8lEUzkRN+lL+WzkXC69dOgWmPwY=",
      "requires": {
        "native-or-bluebird": "https://registry.npmjs.org/native-or-bluebird/-/native-or-bluebird-1.1.2.tgz"
      }
    },
    "thenify-all": {
      "version": "https://registry.npmjs.org/thenify-all/-/thenify-all-1.6.0.tgz",
      "integrity": "sha1-GhkY1ALY/D+Y+/I02wvMjMEOlyY=",
      "requires": {
        "thenify": "https://registry.npmjs.org/thenify/-/thenify-3.1.1.tgz"
      }
    },
    "tinycolor": {
      "version": "https://registry.npmjs.org/tinycolor/-/tinycolor-0.0.1.tgz",
      "integrity": "sha1-MgtaUtg6u1l42Bo+iH1K77FaYWQ="
    },
    "type-is": {
      "version": "https://registry.npmjs.org/type-is/-/type-is-1.5.7.tgz",
      "integrity": "sha1-uTaKWTzG730GReeLL0xky+zQXpA=",
      "requires": {
        "media-typer": "https://registry.npmjs.org/media-typer/-/media-typer-0.3.0.tgz",
        "mime-types": "https://registry.npmjs.org/mime-types/-/mime-types-2.0.14.tgz"
      }
    },
    "uid-safe": {
      "version": "https://registry.npmjs.org/uid-safe/-/uid-safe-1.1.0.tgz",
      "integrity": "sha1-WNbF2r+N+9jVKDSDmAbAP9YUMjI=",
      "requires": {
        "base64-url": "https://registry.npmjs.org/base64-url/-/base64-url-1.2.1.tgz",
        "native-or-bluebird": "https://registry.npmjs.org/native-or-bluebird/-/native-or-bluebird-1.1.2.tgz"
      }
    },
    "utils-merge": {
      "version": "https://registry.npmjs.org/utils-merge/-/utils-merge-1.0.0.tgz",
      "integrity": "sha1-ApT7kiu5N1FTVBxPcJYjHyh8ivg="
    },
    "vary": {
      "version": "https://registry.npmjs.org/vary/-/vary-1.0.1.tgz",
      "integrity": "sha1-meSYFWaihhGN+yuBc1ffeZM3bRA="
    },
    "vhost": {
      "version": "https://registry.npmjs.org/vhost/-/vhost-3.0.2.tgz",
      "integrity": "sha1-L7HezUxGaqiLD5NBrzPcGv8keNU="
    },
    "ws": {
      "version": "https://registry.npmjs.org/ws/-/ws-0.4.31.tgz",
      "integrity": "sha1-WkhJ56nM0e1aga60hHyf7fMSKSc=",
      "requires": {
        "commander": "https://registry.npmjs.org/commander/-/commander-0.6.1.tgz",
        "nan": "https://registry.npmjs.org/nan/-/nan-0.3.2.tgz",
        "options": "https://registry.npmjs.org/options/-/options-0.0.6.tgz",
        "tinycolor": "https://registry.npmjs.org/tinycolor/-/tinycolor-0.0.1.tgz"
      },
      "dependencies": {
        "commander": {
          "version": "https://registry.npmjs.org/commander/-/commander-0.6.1.tgz",
          "integrity": "sha1-+mihT2qUXVTbvlDYzbMyDp47GgY="
        }
      }
    }
  }
}
